<?xml version="1.0" encoding="utf-8"?>
<Project xmlns="http://schemas.microsoft.com/developer/msbuild/2003">
  <ItemGroup>
    <Filter Include="Form Files">
      <UniqueIdentifier>{99349809-55BA-4b9d-BF79-8FDBB0286EB3}</UniqueIdentifier>
      <Extensions>ui</Extensions>
      <ParseFiles>false</ParseFiles>
    </Filter>
    <Filter Include="Form Files">
      <UniqueIdentifier>{99349809-55BA-4b9d-BF79-8FDBB0286EB3}</UniqueIdentifier>
      <Extensions>ui</Extensions>
      <ParseFiles>false</ParseFiles>
    </Filter>
    <Filter Include="Generated Files">
      <UniqueIdentifier>{71ED8ED8-ACB9-4CE9-BBE1-E00B30144E11}</UniqueIdentifier>
      <Extensions>cpp;c;cxx;moc;h;def;odl;idl;res;</Extensions>
    </Filter>
    <Filter Include="Generated Files">
      <UniqueIdentifier>{71ED8ED8-ACB9-4CE9-BBE1-E00B30144E11}</UniqueIdentifier>
      <Extensions>cpp;c;cxx;moc;h;def;odl;idl;res;</Extensions>
    </Filter>
    <Filter Include="Header Files">
      <UniqueIdentifier>{93995380-89BD-4b04-88EB-625FBE52EBFB}</UniqueIdentifier>
      <Extensions>h;hpp;hxx;hm;inl;inc;xsd</Extensions>
    </Filter>
    <Filter Include="Header Files">
      <UniqueIdentifier>{93995380-89BD-4b04-88EB-625FBE52EBFB}</UniqueIdentifier>
      <Extensions>h;hpp;hxx;hm;inl;inc;xsd</Extensions>
    </Filter>
    <Filter Include="Resource Files">
      <UniqueIdentifier>{D9D6E242-F8AF-46E4-B9FD-80ECBC20BA3E}</UniqueIdentifier>
      <Extensions>qrc;*</Extensions>
      <ParseFiles>false</ParseFiles>
    </Filter>
    <Filter Include="Resource Files">
      <UniqueIdentifier>{D9D6E242-F8AF-46E4-B9FD-80ECBC20BA3E}</UniqueIdentifier>
      <Extensions>qrc;*</Extensions>
      <ParseFiles>false</ParseFiles>
    </Filter>
    <Filter Include="Source Files">
      <UniqueIdentifier>{4FC737F1-C7A5-4376-A066-2A32D752A2FF}</UniqueIdentifier>
      <Extensions>cpp;c;cxx;def;odl;idl;hpj;bat;asm;asmx</Extensions>
    </Filter>
    <Filter Include="Source Files">
      <UniqueIdentifier>{4FC737F1-C7A5-4376-A066-2A32D752A2FF}</UniqueIdentifier>
      <Extensions>cpp;c;cxx;def;odl;idl;hpj;bat;asm;asmx</Extensions>
    </Filter>
    <Filter Include="Distribution Files">
      <UniqueIdentifier>{B83CAF91-C7BF-462F-B76C-EA11631F866C}</UniqueIdentifier>
      <Extensions>*</Extensions>
      <ParseFiles>false</ParseFiles>
    </Filter>
    <Filter Include="Distribution Files">
      <UniqueIdentifier>{B83CAF91-C7BF-462F-B76C-EA11631F866C}</UniqueIdentifier>
      <Extensions>*</Extensions>
      <ParseFiles>false</ParseFiles>
    </Filter>
    <Filter Include="Shaders">
      <UniqueIdentifier>{dd4b9d6e-a288-4c43-9863-c97ef1d3b60d}</UniqueIdentifier>
    </Filter>
  </ItemGroup>
  <ItemGroup>
    <ClCompile Include="src\rendering\renderer.cpp">
      <Filter>Generated Files</Filter>
    </ClCompile>
    <ClCompile Include="src\rendering\glwidget.cpp">
      <Filter>Generated Files</Filter>
    </ClCompile>
    <ClCompile Include="src\rendering\scene.cpp">
      <Filter>Generated Files</Filter>
    </ClCompile>
    <ClCompile Include="src\baseapp\main.cpp">
      <Filter>Source Files</Filter>
    </ClCompile>
    <ClCompile Include="src\baseapp\meshData.cpp">
      <Filter>Source Files</Filter>
    </ClCompile>
    <ClCompile Include="src\baseapp\modelData.cpp">
      <Filter>Source Files</Filter>
    </ClCompile>
    <ClCompile Include="src\baseapp\mvpmodel.cpp">
      <Filter>Source Files</Filter>
    </ClCompile>
    <ClCompile Include="src\baseapp\mvppresenter.cpp">
      <Filter>Source Files</Filter>
    </ClCompile>
    <ClCompile Include="src\rendering\scene_elements\glMesh.cpp">
      <Filter>Source Files</Filter>
    </ClCompile>
    <ClCompile Include="src\rendering\scene_elements\glModel.cpp">
      <Filter>Source Files</Filter>
    </ClCompile>
    <ClCompile Include="src\rendering\scene_elements\orbitcamera.cpp">
      <Filter>Generated Files</Filter>
    </ClCompile>
    <ClCompile Include="src\rendering\scene_elements\paintbrush.cpp">
      <Filter>Generated Files</Filter>
    </ClCompile>
    <ClCompile Include="src\rendering\scene_elements\glDrawbuffer.cpp">
      <Filter>Generated Files</Filter>
    </ClCompile>
    <ClCompile Include="src\baseapp\views\mainwindow.cpp">
      <Filter>Source Files</Filter>
    </ClCompile>
    <ClCompile Include="src\baseapp\views\mainToolbar.cpp">
      <Filter>Source Files</Filter>
    </ClCompile>
  </ItemGroup>
  <ItemGroup>
    <ClInclude Include="src\rendering\renderer.h">
      <Filter>Generated Files</Filter>
    </ClInclude>
    <ClInclude Include="src\rendering\scene.h">
      <Filter>Generated Files</Filter>
    </ClInclude>
    <ClInclude Include="src\baseapp\meshData.h">
      <Filter>Header Files</Filter>
    </ClInclude>
    <ClInclude Include="src\baseapp\modelData.h">
      <Filter>Header Files</Filter>
    </ClInclude>
    <ClInclude Include="src\baseapp\mvpmodel.h">
      <Filter>Header Files</Filter>
    </ClInclude>
    <ClInclude Include="src\baseapp\mvppresenter.h">
      <Filter>Header Files</Filter>
    </ClInclude>
    <ClInclude Include="src\rendering\scene_elements\glMesh.h">
      <Filter>Header Files</Filter>
    </ClInclude>
    <ClInclude Include="src\rendering\scene_elements\glModel.h">
      <Filter>Header Files</Filter>
    </ClInclude>
    <ClInclude Include="src\rendering\scene_elements\orbitcamera.h">
      <Filter>Generated Files</Filter>
    </ClInclude>
    <ClInclude Include="src\rendering\scene_elements\paintbrush.h">
      <Filter>Generated Files</Filter>
    </ClInclude>
    <ClInclude Include="src\rendering\scene_elements\light.h">
      <Filter>Generated Files</Filter>
    </ClInclude>
    <ClInclude Include="src\rendering\scene_elements\glDrawbuffer.h">
      <Filter>Generated Files</Filter>
    </ClInclude>
    <ClInclude Include="src\rendering\scene_elements\hairSettings.h">
      <Filter>Generated Files</Filter>
    </ClInclude>
    <ClInclude Include="src\baseapp\hairData.h">
      <Filter>Generated Files</Filter>
    </ClInclude>
    <ClInclude Include="src\baseapp\projectsettings.h">
      <Filter>Generated Files</Filter>
    </ClInclude>
    <ClInclude Include="src\rendering\glattributes.h">
      <Filter>Generated Files</Filter>
    </ClInclude>
  </ItemGroup>
  <ItemGroup>
    <CustomBuild Include="debug\moc_predefs.h.cbt">
      <Filter>Generated Files</Filter>
    </CustomBuild>
    <CustomBuild Include="release\moc_predefs.h.cbt">
      <Filter>Generated Files</Filter>
    </CustomBuild>
  </ItemGroup>
  <ItemGroup>
    <None Include="res\test.png">
      <Filter>Resource Files</Filter>
    </None>
    <None Include="src\rendering\shaders\hair\hair.frag" />
    <None Include="src\rendering\shaders\hair\hair.geom" />
    <None Include="src\rendering\shaders\hair\hair.vert" />
    <None Include="src\rendering\shaders\paintwindow\drawbuffer.frag">
      <Filter>Shaders</Filter>
    </None>
    <None Include="src\rendering\shaders\paintwindow\drawbuffer.vert">
      <Filter>Shaders</Filter>
    </None>
    <None Include="src\rendering\shaders\paintwindow\paintbrush.frag" />
    <None Include="src\rendering\shaders\paintwindow\paintbrush.vert" />
    <None Include="src\rendering\shaders\paintwindow\uvmap.frag">
      <Filter>Shaders</Filter>
    </None>
    <None Include="src\rendering\shaders\paintwindow\uvmap.vert">
      <Filter>Shaders</Filter>
    </None>
    <None Include="src\rendering\shaders\viewport\mesh.frag">
      <Filter>Shaders</Filter>
    </None>
    <None Include="src\rendering\shaders\viewport\mesh.vert">
      <Filter>Shaders</Filter>
    </None>
    <None Include="res\styles\qdarkstyle\rc\up_arrow_disabled.png">
      <Filter>Resource Files</Filter>
    </None>
    <None Include="res\styles\qdarkstyle\rc\Hmovetoolbar.png">
      <Filter>Resource Files</Filter>
    </None>
    <None Include="res\styles\qdarkstyle\rc\stylesheet-branch-end.png">
      <Filter>Resource Files</Filter>
    </None>
    <None Include="res\styles\qdarkstyle\rc\branch_closed-on.png">
      <Filter>Resource Files</Filter>
    </None>
    <None Include="res\styles\qdarkstyle\rc\stylesheet-vline.png">
      <Filter>Resource Files</Filter>
    </None>
    <None Include="res\styles\qdarkstyle\rc\branch_closed.png">
      <Filter>Resource Files</Filter>
    </None>
    <None Include="res\styles\qdarkstyle\rc\branch_open-on.png">
      <Filter>Resource Files</Filter>
    </None>
    <None Include="res\styles\qdarkstyle\rc\transparent.png">
      <Filter>Resource Files</Filter>
    </None>
    <None Include="res\styles\qdarkstyle\rc\right_arrow_disabled.png">
      <Filter>Resource Files</Filter>
    </None>
    <None Include="res\styles\qdarkstyle\rc\sizegrip.png">
      <Filter>Resource Files</Filter>
    </None>
    <None Include="res\styles\qdarkstyle\rc\close.png">
      <Filter>Resource Files</Filter>
    </None>
    <None Include="res\styles\qdarkstyle\rc\close-hover.png">
      <Filter>Resource Files</Filter>
    </None>
    <None Include="res\styles\qdarkstyle\rc\close-pressed.png">
      <Filter>Resource Files</Filter>
    </None>
    <None Include="res\styles\qdarkstyle\rc\down_arrow.png">
      <Filter>Resource Files</Filter>
    </None>
    <None Include="res\styles\qdarkstyle\rc\Vmovetoolbar.png">
      <Filter>Resource Files</Filter>
    </None>
    <None Include="res\styles\qdarkstyle\rc\left_arrow.png">
      <Filter>Resource Files</Filter>
    </None>
    <None Include="res\styles\qdarkstyle\rc\stylesheet-branch-more.png">
      <Filter>Resource Files</Filter>
    </None>
    <None Include="res\styles\qdarkstyle\rc\up_arrow.png">
      <Filter>Resource Files</Filter>
    </None>
    <None Include="res\styles\qdarkstyle\rc\right_arrow.png">
      <Filter>Resource Files</Filter>
    </None>
    <None Include="res\styles\qdarkstyle\rc\left_arrow_disabled.png">
      <Filter>Resource Files</Filter>
    </None>
    <None Include="res\styles\qdarkstyle\rc\Hsepartoolbar.png">
      <Filter>Resource Files</Filter>
    </None>
    <None Include="res\styles\qdarkstyle\rc\branch_open.png">
      <Filter>Resource Files</Filter>
    </None>
    <None Include="res\styles\qdarkstyle\rc\Vsepartoolbar.png">
      <Filter>Resource Files</Filter>
    </None>
    <None Include="res\styles\qdarkstyle\rc\down_arrow_disabled.png">
      <Filter>Resource Files</Filter>
    </None>
    <None Include="res\styles\qdarkstyle\rc\undock.png">
      <Filter>Resource Files</Filter>
    </None>
    <None Include="res\styles\qdarkstyle\rc\checkbox_checked_disabled.png">
      <Filter>Resource Files</Filter>
    </None>
    <None Include="res\styles\qdarkstyle\rc\checkbox_checked_focus.png">
      <Filter>Resource Files</Filter>
    </None>
    <None Include="res\styles\qdarkstyle\rc\checkbox_checked.png">
      <Filter>Resource Files</Filter>
    </None>
    <None Include="res\styles\qdarkstyle\rc\checkbox_indeterminate.png">
      <Filter>Resource Files</Filter>
    </None>
    <None Include="res\styles\qdarkstyle\rc\checkbox_indeterminate_focus.png">
      <Filter>Resource Files</Filter>
    </None>
    <None Include="res\styles\qdarkstyle\rc\checkbox_unchecked_disabled.png">
      <Filter>Resource Files</Filter>
    </None>
    <None Include="res\styles\qdarkstyle\rc\checkbox_unchecked_focus.png">
      <Filter>Resource Files</Filter>
    </None>
    <None Include="res\styles\qdarkstyle\rc\checkbox_unchecked.png">
      <Filter>Resource Files</Filter>
    </None>
    <None Include="res\styles\qdarkstyle\rc\radio_checked_disabled.png">
      <Filter>Resource Files</Filter>
    </None>
    <None Include="res\styles\qdarkstyle\rc\radio_checked_focus.png">
      <Filter>Resource Files</Filter>
    </None>
    <None Include="res\styles\qdarkstyle\rc\radio_checked.png">
      <Filter>Resource Files</Filter>
    </None>
    <None Include="res\styles\qdarkstyle\rc\radio_unchecked_disabled.png">
      <Filter>Resource Files</Filter>
    </None>
    <None Include="res\styles\qdarkstyle\rc\radio_unchecked_focus.png">
      <Filter>Resource Files</Filter>
    </None>
    <None Include="res\styles\qdarkstyle\rc\radio_unchecked.png">
      <Filter>Resource Files</Filter>
    </None>
    <None Include="res\styles\qdarkstyle\style.qss">
      <Filter>Resource Files</Filter>
    </None>
  </ItemGroup>
  <ItemGroup>
    <QtMoc Include="src\rendering\glwidget.h">
      <Filter>Generated Files</Filter>
    </QtMoc>
    <QtMoc Include="src\baseapp\views\mainwindow.h">
      <Filter>Header Files</Filter>
    </QtMoc>
    <QtMoc Include="src\baseapp\views\mainToolbar.h">
      <Filter>Header Files</Filter>
    </QtMoc>
  </ItemGroup>
  <ItemGroup>
    <QtUic Include="src\baseapp\views\mainwindow.ui">
      <Filter>Form Files</Filter>
    </QtUic>
    <QtUic Include="src\baseapp\views\mainToolbar.ui">
      <Filter>Form Files</Filter>
    </QtUic>
  </ItemGroup>
  <ItemGroup>
    <QtRcc Include="res\styles\qdarkstyle\style.qrc">
      <Filter>Resource Files</Filter>
    </QtRcc>
  </ItemGroup>
</Project>